
Microsoft Visual Studio Solution File, Format Version 12.00
# Visual Studio 2013
VisualStudioVersion = 12.0.30110.0
MinimumVisualStudioVersion = 10.0.40219.1
Project("{FAE04EC0-301F-11D3-BF4B-00C04F79EFBC}") = "FindTwoChristmas", "FindTwoChristmas\FindTwoChristmas.csproj", "{606B7AB5-3042-4FC7-8362-68BE25FB40F3}"
EndProject
Project("{FAE04EC0-301F-11D3-BF4B-00C04F79EFBC}") = "FlipControl", "..\FlipControl\FlipControl.csproj", "{16EA3C73-0D77-4175-86D4-D51CD919AD9E}"
EndProject
Global
	GlobalSection(SolutionConfigurationPlatforms) = preSolution
		Debug|Any CPU = Debug|Any CPU
		Release|Any CPU = Release|Any CPU
	EndGlobalSection
	GlobalSection(ProjectConfigurationPlatforms) = postSolution
		{606B7AB5-3042-4FC7-8362-68BE25FB40F3}.Debug|Any CPU.ActiveCfg = Debug|Any CPU
		{606B7AB5-3042-4FC7-8362-68BE25FB40F3}.Debug|Any CPU.Build.0 = Debug|Any CPU
		{606B7AB5-3042-4FC7-8362-68BE25FB40F3}.Release|Any CPU.ActiveCfg = Release|Any CPU
		{606B7AB5-3042-4FC7-8362-68BE25FB40F3}.Release|Any CPU.Build.0 = Release|Any CPU
		{16EA3C73-0D77-4175-86D4-D51CD919AD9E}.Debug|Any CPU.ActiveCfg = Debug|Any CPU
		{16EA3C73-0D77-4175-86D4-D51CD919AD9E}.Debug|Any CPU.Build.0 = Debug|Any CPU
		{16EA3C73-0D77-4175-86D4-D51CD919AD9E}.Release|Any CPU.ActiveCfg = Release|Any CPU
		{16EA3C73-0D77-4175-86D4-D51CD919AD9E}.Release|Any CPU.Build.0 = Release|Any CPU
	EndGlobalSection
	GlobalSection(SolutionProperties) = preSolution
		HideSolutionNode = FALSE
	EndGlobalSection
EndGlobal
